
Microsoft Visual Studio Solution File, Format Version 12.00
# Visual Studio Version 16
VisualStudioVersion = 16.0.30406.217
MinimumVisualStudioVersion = 10.0.40219.1
Project("{FAE04EC0-301F-11D3-BF4B-00C04F79EFBC}") = "DocxProcessor", "DocxProcessor\DocxProcessor.csproj", "{21D4FAF8-35E3-4C73-B426-7793A9EEF27C}"
EndProject
Project("{FAE04EC0-301F-11D3-BF4B-00C04F79EFBC}") = "DocxProcessorTests", "DocxProcessorTests\DocxProcessorTests.csproj", "{58C718D1-5F0C-48B5-BFBB-8C0D5860F91D}"
EndProject
Global
	GlobalSection(SolutionConfigurationPlatforms) = preSolution
		Debug|Any CPU = Debug|Any CPU
		Release|Any CPU = Release|Any CPU
	EndGlobalSection
	GlobalSection(ProjectConfigurationPlatforms) = postSolution
		{21D4FAF8-35E3-4C73-B426-7793A9EEF27C}.Debug|Any CPU.ActiveCfg = Debug|Any CPU
		{21D4FAF8-35E3-4C73-B426-7793A9EEF27C}.Debug|Any CPU.Build.0 = Debug|Any CPU
		{21D4FAF8-35E3-4C73-B426-7793A9EEF27C}.Release|Any CPU.ActiveCfg = Release|Any CPU
		{21D4FAF8-35E3-4C73-B426-7793A9EEF27C}.Release|Any CPU.Build.0 = Release|Any CPU
		{58C718D1-5F0C-48B5-BFBB-8C0D5860F91D}.Debug|Any CPU.ActiveCfg = Debug|Any CPU
		{58C718D1-5F0C-48B5-BFBB-8C0D5860F91D}.Debug|Any CPU.Build.0 = Debug|Any CPU
		{58C718D1-5F0C-48B5-BFBB-8C0D5860F91D}.Release|Any CPU.ActiveCfg = Release|Any CPU
		{58C718D1-5F0C-48B5-BFBB-8C0D5860F91D}.Release|Any CPU.Build.0 = Release|Any CPU
	EndGlobalSection
	GlobalSection(SolutionProperties) = preSolution
		HideSolutionNode = FALSE
	EndGlobalSection
	GlobalSection(ExtensibilityGlobals) = postSolution
		SolutionGuid = {D65595EC-579E-42CA-8119-08C12C926DDA}
	EndGlobalSection
EndGlobal